
Microsoft Visual Studio Solution File, Format Version 11.00
# Visual Studio 2010
Project("{8BC9CEB8-8B4A-11D0-8D11-00A0C91BC942}") = "PaneponClone", "PaneponClone.vcxproj", "{229F46DB-DC75-4ED2-944A-39F3DC08263E}"
EndProject
Global
	GlobalSection(SolutionConfigurationPlatforms) = preSolution
		Debug|Win32 = Debug|Win32
		Release|Win32 = Release|Win32
	EndGlobalSection
	GlobalSection(ProjectConfigurationPlatforms) = postSolution
		{229F46DB-DC75-4ED2-944A-39F3DC08263E}.Debug|Win32.ActiveCfg = Debug|Win32
		{229F46DB-DC75-4ED2-944A-39F3DC08263E}.Debug|Win32.Build.0 = Debug|Win32
		{229F46DB-DC75-4ED2-944A-39F3DC08263E}.Release|Win32.ActiveCfg = Release|Win32
		{229F46DB-DC75-4ED2-944A-39F3DC08263E}.Release|Win32.Build.0 = Release|Win32
	EndGlobalSection
	GlobalSection(SolutionProperties) = preSolution
		HideSolutionNode = FALSE
	EndGlobalSection
EndGlobal
